
Microsoft Visual Studio Solution File, Format Version 12.00
# Visual Studio Version 16
VisualStudioVersion = 16.0.28922.388
MinimumVisualStudioVersion = 10.0.40219.1
Project("{8BC9CEB8-8B4A-11D0-8D11-00A0C91BC942}") = "thin-film-optics", "thin-film-optics.vcxproj", "{A70D8F0E-4F74-4B2B-A0F0-3203D85B9550}"
EndProject
Global
	GlobalSection(SolutionConfigurationPlatforms) = preSolution
		Debug|x64 = Debug|x64
		Debug|x86 = Debug|x86
		Release|x64 = Release|x64
		Release|x86 = Release|x86
	EndGlobalSection
	GlobalSection(ProjectConfigurationPlatforms) = postSolution
		{A70D8F0E-4F74-4B2B-A0F0-3203D85B9550}.Debug|x64.ActiveCfg = Debug|x64
		{A70D8F0E-4F74-4B2B-A0F0-3203D85B9550}.Debug|x64.Build.0 = Debug|x64
		{A70D8F0E-4F74-4B2B-A0F0-3203D85B9550}.Debug|x86.ActiveCfg = Debug|Win32
		{A70D8F0E-4F74-4B2B-A0F0-3203D85B9550}.Debug|x86.Build.0 = Debug|Win32
		{A70D8F0E-4F74-4B2B-A0F0-3203D85B9550}.Release|x64.ActiveCfg = Release|x64
		{A70D8F0E-4F74-4B2B-A0F0-3203D85B9550}.Release|x64.Build.0 = Release|x64
		{A70D8F0E-4F74-4B2B-A0F0-3203D85B9550}.Release|x86.ActiveCfg = Release|Win32
		{A70D8F0E-4F74-4B2B-A0F0-3203D85B9550}.Release|x86.Build.0 = Release|Win32
	EndGlobalSection
	GlobalSection(SolutionProperties) = preSolution
		HideSolutionNode = FALSE
	EndGlobalSection
	GlobalSection(ExtensibilityGlobals) = postSolution
		SolutionGuid = {18F65C29-B8C2-4B85-BB84-E426801D0A9F}
	EndGlobalSection
EndGlobal
